
Microsoft Visual Studio Solution File, Format Version 12.00
# Visual Studio Version 16
VisualStudioVersion = 16.0.31624.102
MinimumVisualStudioVersion = 10.0.40219.1
Project("{FAE04EC0-301F-11D3-BF4B-00C04F79EFBC}") = "SampleWebApp", "SampleWebApp\SampleWebApp.csproj", "{EF845105-AD4D-47FB-B71D-ED212C9837E8}"
EndProject
Project("{FAE04EC0-301F-11D3-BF4B-00C04F79EFBC}") = "SampleWebAppTests", "SampleWebAppTests\SampleWebAppTests.csproj", "{9905B474-F4CD-4CE0-A9F1-DF365A1BA346}"
EndProject
Global
	GlobalSection(SolutionConfigurationPlatforms) = preSolution
		Debug|Any CPU = Debug|Any CPU
		Release|Any CPU = Release|Any CPU
	EndGlobalSection
	GlobalSection(ProjectConfigurationPlatforms) = postSolution
		{EF845105-AD4D-47FB-B71D-ED212C9837E8}.Debug|Any CPU.ActiveCfg = Debug|Any CPU
		{EF845105-AD4D-47FB-B71D-ED212C9837E8}.Debug|Any CPU.Build.0 = Debug|Any CPU
		{EF845105-AD4D-47FB-B71D-ED212C9837E8}.Release|Any CPU.ActiveCfg = Release|Any CPU
		{EF845105-AD4D-47FB-B71D-ED212C9837E8}.Release|Any CPU.Build.0 = Release|Any CPU
		{9905B474-F4CD-4CE0-A9F1-DF365A1BA346}.Debug|Any CPU.ActiveCfg = Debug|Any CPU
		{9905B474-F4CD-4CE0-A9F1-DF365A1BA346}.Debug|Any CPU.Build.0 = Debug|Any CPU
		{9905B474-F4CD-4CE0-A9F1-DF365A1BA346}.Release|Any CPU.ActiveCfg = Release|Any CPU
		{9905B474-F4CD-4CE0-A9F1-DF365A1BA346}.Release|Any CPU.Build.0 = Release|Any CPU
	EndGlobalSection
	GlobalSection(SolutionProperties) = preSolution
		HideSolutionNode = FALSE
	EndGlobalSection
	GlobalSection(ExtensibilityGlobals) = postSolution
		SolutionGuid = {71C0AD19-4C74-4CD2-A83B-25222E7DE8D8}
	EndGlobalSection
EndGlobal
