
Microsoft Visual Studio Solution File, Format Version 12.00
# Visual Studio Version 16
VisualStudioVersion = 16.0.31624.102
MinimumVisualStudioVersion = 10.0.40219.1
Project("{FAE04EC0-301F-11D3-BF4B-00C04F79EFBC}") = "SampleConsoleApp", "SampleConsoleApp\SampleConsoleApp.csproj", "{F1F2AB99-44A9-4904-AF68-120709F4BB28}"
EndProject
Global
	GlobalSection(SolutionConfigurationPlatforms) = preSolution
		Debug|Any CPU = Debug|Any CPU
		Release|Any CPU = Release|Any CPU
	EndGlobalSection
	GlobalSection(ProjectConfigurationPlatforms) = postSolution
		{F1F2AB99-44A9-4904-AF68-120709F4BB28}.Debug|Any CPU.ActiveCfg = Debug|Any CPU
		{F1F2AB99-44A9-4904-AF68-120709F4BB28}.Debug|Any CPU.Build.0 = Debug|Any CPU
		{F1F2AB99-44A9-4904-AF68-120709F4BB28}.Release|Any CPU.ActiveCfg = Release|Any CPU
		{F1F2AB99-44A9-4904-AF68-120709F4BB28}.Release|Any CPU.Build.0 = Release|Any CPU
	EndGlobalSection
	GlobalSection(SolutionProperties) = preSolution
		HideSolutionNode = FALSE
	EndGlobalSection
	GlobalSection(ExtensibilityGlobals) = postSolution
		SolutionGuid = {2B332F80-CFC7-4339-820A-04CCE1907881}
	EndGlobalSection
EndGlobal
